{
  "name": "ecma6",
  "lockfileVersion": 1,
  "dependencies": {
    "eslint-plugin-jasmine": {
      "version": "2.4.0",
      "resolved": "https://registry.npmjs.org/eslint-plugin-jasmine/-/eslint-plugin-jasmine-2.4.0.tgz",
      "integrity": "sha1-Du3NV3NdT/lPm5MEo6DJeU7qaL0=",
      "dev": true
    }
  }
}
